
Microsoft Visual Studio Solution File, Format Version 12.00
# Visual Studio Version 17
VisualStudioVersion = 17.14.36121.58
MinimumVisualStudioVersion = 10.0.40219.1
Project("{8BC9CEB8-8B4A-11D0-8D11-00A0C91BC942}") = "DUITemplate", "DUITemplate\DUITemplate.vcxproj", "{77D7DCA3-6BF4-40DD-B08C-BD8168750EB4}"
	ProjectSection(ProjectDependencies) = postProject
		{0B7DE49A-33C6-41B1-A9CE-D353031F8454} = {0B7DE49A-33C6-41B1-A9CE-D353031F8454}
	EndProjectSection
EndProject
Project("{8BC9CEB8-8B4A-11D0-8D11-00A0C91BC942}") = "DirectUI", "dui70\DirectUI\DirectUI.vcxproj", "{0B7DE49A-33C6-41B1-A9CE-D353031F8454}"
EndProject
Global
	GlobalSection(SolutionConfigurationPlatforms) = preSolution
		Debug|x64 = Debug|x64
		Debug|x86 = Debug|x86
		Release|x64 = Release|x64
		Release|x86 = Release|x86
	EndGlobalSection
	GlobalSection(ProjectConfigurationPlatforms) = postSolution
		{77D7DCA3-6BF4-40DD-B08C-BD8168750EB4}.Debug|x64.ActiveCfg = Debug|x64
		{77D7DCA3-6BF4-40DD-B08C-BD8168750EB4}.Debug|x64.Build.0 = Debug|x64
		{77D7DCA3-6BF4-40DD-B08C-BD8168750EB4}.Debug|x86.ActiveCfg = Debug|Win32
		{77D7DCA3-6BF4-40DD-B08C-BD8168750EB4}.Debug|x86.Build.0 = Debug|Win32
		{77D7DCA3-6BF4-40DD-B08C-BD8168750EB4}.Release|x64.ActiveCfg = Release|x64
		{77D7DCA3-6BF4-40DD-B08C-BD8168750EB4}.Release|x64.Build.0 = Release|x64
		{77D7DCA3-6BF4-40DD-B08C-BD8168750EB4}.Release|x86.ActiveCfg = Release|Win32
		{77D7DCA3-6BF4-40DD-B08C-BD8168750EB4}.Release|x86.Build.0 = Release|Win32
		{0B7DE49A-33C6-41B1-A9CE-D353031F8454}.Debug|x64.ActiveCfg = Debug|x64
		{0B7DE49A-33C6-41B1-A9CE-D353031F8454}.Debug|x64.Build.0 = Debug|x64
		{0B7DE49A-33C6-41B1-A9CE-D353031F8454}.Debug|x86.ActiveCfg = Debug|Win32
		{0B7DE49A-33C6-41B1-A9CE-D353031F8454}.Debug|x86.Build.0 = Debug|Win32
		{0B7DE49A-33C6-41B1-A9CE-D353031F8454}.Release|x64.ActiveCfg = Release|x64
		{0B7DE49A-33C6-41B1-A9CE-D353031F8454}.Release|x64.Build.0 = Release|x64
		{0B7DE49A-33C6-41B1-A9CE-D353031F8454}.Release|x86.ActiveCfg = Release|Win32
		{0B7DE49A-33C6-41B1-A9CE-D353031F8454}.Release|x86.Build.0 = Release|Win32
	EndGlobalSection
	GlobalSection(SolutionProperties) = preSolution
		HideSolutionNode = FALSE
	EndGlobalSection
	GlobalSection(ExtensibilityGlobals) = postSolution
		SolutionGuid = {7865FBA6-874D-43DF-BA13-5336FD7FEA1B}
	EndGlobalSection
EndGlobal
